
Microsoft Visual Studio Solution File, Format Version 12.00
# Visual Studio 15
VisualStudioVersion = 15.0.27004.2005
MinimumVisualStudioVersion = 10.0.40219.1
Project("{151D2E53-A2C4-4D7D-83FE-D05416EBD58E}") = "VMScaleSet", "VMScaleSet\VMScaleSet.deployproj", "{3389D89D-4229-4974-836A-22E1F4EF1AE5}"
EndProject
Global
	GlobalSection(SolutionConfigurationPlatforms) = preSolution
		Debug|Any CPU = Debug|Any CPU
		Release|Any CPU = Release|Any CPU
	EndGlobalSection
	GlobalSection(ProjectConfigurationPlatforms) = postSolution
		{3389D89D-4229-4974-836A-22E1F4EF1AE5}.Debug|Any CPU.ActiveCfg = Debug|Any CPU
		{3389D89D-4229-4974-836A-22E1F4EF1AE5}.Debug|Any CPU.Build.0 = Debug|Any CPU
		{3389D89D-4229-4974-836A-22E1F4EF1AE5}.Release|Any CPU.ActiveCfg = Release|Any CPU
		{3389D89D-4229-4974-836A-22E1F4EF1AE5}.Release|Any CPU.Build.0 = Release|Any CPU
	EndGlobalSection
	GlobalSection(SolutionProperties) = preSolution
		HideSolutionNode = FALSE
	EndGlobalSection
	GlobalSection(ExtensibilityGlobals) = postSolution
		SolutionGuid = {948DD2EF-E558-4379-A6EE-81CA0248EE1D}
	EndGlobalSection
EndGlobal
